
Microsoft Visual Studio Solution File, Format Version 12.00
# Visual Studio Version 16
VisualStudioVersion = 16.0.28803.202
MinimumVisualStudioVersion = 10.0.40219.1
Project("{9A19103F-16F7-4668-BE54-9A1E7A4F7556}") = "CS321_W4D2_BookAPI", "CS321_W4D2_BookAPI\CS321_W4D2_BookAPI.csproj", "{D3047AC2-B953-4A81-BE72-69BA41B6DA7E}"
EndProject
Project("{FAE04EC0-301F-11D3-BF4B-00C04F79EFBC}") = "CS321_W4D2_BookAPI.Core", "CS321_W4D2_BookAPI.Core\CS321_W4D2_BookAPI.Core.csproj", "{DF732AFD-58FF-49F2-8B92-0FD904EBAD64}"
EndProject
Project("{FAE04EC0-301F-11D3-BF4B-00C04F79EFBC}") = "CS321_W4D2_BookAPI.Infrastructure", "CS321_W4D2_BookAPI.Infrastructure\CS321_W4D2_BookAPI.Infrastructure.csproj", "{AC95A170-3B08-4CE9-8156-5769C705D3EF}"
EndProject
Global
	GlobalSection(SolutionConfigurationPlatforms) = preSolution
		Debug|Any CPU = Debug|Any CPU
		Release|Any CPU = Release|Any CPU
	EndGlobalSection
	GlobalSection(ProjectConfigurationPlatforms) = postSolution
		{D3047AC2-B953-4A81-BE72-69BA41B6DA7E}.Debug|Any CPU.ActiveCfg = Debug|Any CPU
		{D3047AC2-B953-4A81-BE72-69BA41B6DA7E}.Debug|Any CPU.Build.0 = Debug|Any CPU
		{D3047AC2-B953-4A81-BE72-69BA41B6DA7E}.Release|Any CPU.ActiveCfg = Release|Any CPU
		{D3047AC2-B953-4A81-BE72-69BA41B6DA7E}.Release|Any CPU.Build.0 = Release|Any CPU
		{DF732AFD-58FF-49F2-8B92-0FD904EBAD64}.Debug|Any CPU.ActiveCfg = Debug|Any CPU
		{DF732AFD-58FF-49F2-8B92-0FD904EBAD64}.Debug|Any CPU.Build.0 = Debug|Any CPU
		{DF732AFD-58FF-49F2-8B92-0FD904EBAD64}.Release|Any CPU.ActiveCfg = Release|Any CPU
		{DF732AFD-58FF-49F2-8B92-0FD904EBAD64}.Release|Any CPU.Build.0 = Release|Any CPU
		{AC95A170-3B08-4CE9-8156-5769C705D3EF}.Debug|Any CPU.ActiveCfg = Debug|Any CPU
		{AC95A170-3B08-4CE9-8156-5769C705D3EF}.Debug|Any CPU.Build.0 = Debug|Any CPU
		{AC95A170-3B08-4CE9-8156-5769C705D3EF}.Release|Any CPU.ActiveCfg = Release|Any CPU
		{AC95A170-3B08-4CE9-8156-5769C705D3EF}.Release|Any CPU.Build.0 = Release|Any CPU
	EndGlobalSection
	GlobalSection(SolutionProperties) = preSolution
		HideSolutionNode = FALSE
	EndGlobalSection
	GlobalSection(ExtensibilityGlobals) = postSolution
		SolutionGuid = {8F1FC8B8-8952-4F41-AEFD-0C99D9D7BBF9}
	EndGlobalSection
EndGlobal
